hash: fd39a9394bdee9539577140020d96169a7acfd0ed6441ae1bd2bb3f18943b3f7
updated: 2017-03-12T18:51:48.580235713-04:00
imports:
- name: github.com/boltdb/bolt
  version: 583e8937c61f1af6513608ccc75c97b6abdf4ff9
- name: github.com/op/go-logging
  version: b2cb9fa56473e98db8caba80237377e83fe44db5
  repo: https://github.com/op/go-logging
- name: github.com/paypal/gatt
  version: 4ae819d591cfc94c496c45deb55928469542beec
  subpackages:
  - linux
  - linux/cmd
  - linux/evt
  - linux/gioctl
  - linux/socket
  - linux/util
  - xpc
- name: github.com/skycoin/skycoin
  version: acede2ef5657d181d9b688911f5f63e75246ca61
  repo: https://github.com/skycoin/skycoin
  subpackages:
  - src/aether/wifi
  - src/aether/wifi/linux
- name: golang.org/x/sys
  version: e4594059fe4cde2daf423055a596c2cd1e6c9adf
  subpackages:
  - unix
testImports: []
